// !$*UTF8*$!
{
	archiveVersion = 1;
	classes = {
	};
	objectVersion = 46;
	objects = {

/* Begin PBXBuildFile section */
		A64C30631A24FF740056EFB3 /* Foundation.framework in Frameworks */ = {isa = PBXBuildFile; fileRef = A64C30621A24FF740056EFB3 /* Foundation.framework */; };
		A64C30651A24FF740056EFB3 /* CoreGraphics.framework in Frameworks */ = {isa = PBXBuildFile; fileRef = A64C30641A24FF740056EFB3 /* CoreGraphics.framework */; };
		A64C30671A24FF740056EFB3 /* UIKit.framework in Frameworks */ = {isa = PBXBuildFile; fileRef = A64C30661A24FF740056EFB3 /* UIKit.framework */; };
		A64C306D1A24FF740056EFB3 /* InfoPlist.strings in Resources */ = {isa = PBXBuildFile; fileRef = A64C306B1A24FF740056EFB3 /* InfoPlist.strings */; };
		A64C306F1A24FF740056EFB3 /* main.m in Sources */ = {isa = PBXBuildFile; fileRef = A64C306E1A24FF740056EFB3 /* main.m */; };
		A64C30731A24FF750056EFB3 /* FTAppDelegate.m in Sources */ = {isa = PBXBuildFile; fileRef = A64C30721A24FF750056EFB3 /* FTAppDelegate.m */; };
		A64C30761A24FF750056EFB3 /* Main_iPhone.storyboard in Resources */ = {isa = PBXBuildFile; fileRef = A64C30741A24FF750056EFB3 /* Main_iPhone.storyboard */; };
		A64C30791A24FF750056EFB3 /* Main_iPad.storyboard in Resources */ = {isa = PBXBuildFile; fileRef = A64C30771A24FF750056EFB3 /* Main_iPad.storyboard */; };
		A64C307C1A24FF750056EFB3 /* FTFirstViewController.m in Sources */ = {isa = PBXBuildFile; fileRef = A64C307B1A24FF750056EFB3 /* FTFirstViewController.m */; };
		A64C307F1A24FF750056EFB3 /* FTSecondViewController.m in Sources */ = {isa = PBXBuildFile; fileRef = A64C307E1A24FF750056EFB3 /* FTSecondViewController.m */; };
		A64C30811A24FF750056EFB3 /* Images.xcassets in Resources */ = {isa = PBXBuildFile; fileRef = A64C30801A24FF750056EFB3 /* Images.xcassets */; };
		A64C30881A24FF750056EFB3 /* XCTest.framework in Frameworks */ = {isa = PBXBuildFile; fileRef = A64C30871A24FF750056EFB3 /* XCTest.framework */; };
		A64C30891A24FF750056EFB3 /* Foundation.framework in Frameworks */ = {isa = PBXBuildFile; fileRef = A64C30621A24FF740056EFB3 /* Foundation.framework */; };
		A64C308A1A24FF750056EFB3 /* UIKit.framework in Frameworks */ = {isa = PBXBuildFile; fileRef = A64C30661A24FF740056EFB3 /* UIKit.framework */; };
		A64C30921A24FF750056EFB3 /* InfoPlist.strings in Resources */ = {isa = PBXBuildFile; fileRef = A64C30901A24FF750056EFB3 /* InfoPlist.strings */; };
		A64C30941A24FF750056EFB3 /* TabbartestTests.m in Sources */ = {isa = PBXBuildFile; fileRef = A64C30931A24FF750056EFB3 /* TabbartestTests.m */; };
		A64C30A11A251A480056EFB3 /* AFNetworking 20.02.26 in Resources */ = {isa = PBXBuildFile; fileRef = A64C30A01A251A480056EFB3 /* AFNetworking 20.02.26 */; };
		A64C30B61A251A580056EFB3 /* AFNetworking.26 in Resources */ = {isa = PBXBuildFile; fileRef = A64C30A21A251A580056EFB3 /* AFNetworking.26 */; };
		A64C30B71A251A580056EFB3 /* AFHTTPRequestOperation.m in Sources */ = {isa = PBXBuildFile; fileRef = A64C30A41A251A580056EFB3 /* AFHTTPRequestOperation.m */; };
		A64C30B81A251A580056EFB3 /* AFHTTPRequestOperationManager.m in Sources */ = {isa = PBXBuildFile; fileRef = A64C30A61A251A580056EFB3 /* AFHTTPRequestOperationManager.m */; };
		A64C30B91A251A580056EFB3 /* AFHTTPSessionManager.m in Sources */ = {isa = PBXBuildFile; fileRef = A64C30A81A251A580056EFB3 /* AFHTTPSessionManager.m */; };
		A64C30BA1A251A580056EFB3 /* AFNetworkReachabilityManager.m in Sources */ = {isa = PBXBuildFile; fileRef = A64C30AB1A251A580056EFB3 /* AFNetworkReachabilityManager.m */; };
		A64C30BB1A251A580056EFB3 /* AFSecurityPolicy.m in Sources */ = {isa = PBXBuildFile; fileRef = A64C30AD1A251A580056EFB3 /* AFSecurityPolicy.m */; };
		A64C30BC1A251A580056EFB3 /* AFURLConnectionOperation.m in Sources */ = {isa = PBXBuildFile; fileRef = A64C30AF1A251A580056EFB3 /* AFURLConnectionOperation.m */; };
		A64C30BD1A251A580056EFB3 /* AFURLRequestSerialization.m in Sources */ = {isa = PBXBuildFile; fileRef = A64C30B11A251A580056EFB3 /* AFURLRequestSerialization.m */; };
		A64C30BE1A251A580056EFB3 /* AFURLResponseSerialization.m in Sources */ = {isa = PBXBuildFile; fileRef = A64C30B31A251A580056EFB3 /* AFURLResponseSerialization.m */; };
		A64C30BF1A251A580056EFB3 /* AFURLSessionManager.m in Sources */ = {isa = PBXBuildFile; fileRef = A64C30B51A251A580056EFB3 /* AFURLSessionManager.m */; };
		A660B56C1A251CF300DF3A22 /* Tabbartest in Resources */ = {isa = PBXBuildFile; fileRef = A660B56B1A251CF300DF3A22 /* Tabbartest */; };
		A660B5701A2528F200DF3A22 /* FTDataSource.m in Sources */ = {isa = PBXBuildFile; fileRef = A660B56F1A2528F200DF3A22 /* FTDataSource.m */; };
/* End PBXBuildFile section */

/* Begin PBXContainerItemProxy section */
		A64C308B1A24FF750056EFB3 /* PBXContainerItemProxy */ = {
			isa = PBXContainerItemProxy;
			containerPortal = A64C30571A24FF740056EFB3 /* Project object */;
			proxyType = 1;
			remoteGlobalIDString = A64C305E1A24FF740056EFB3;
			remoteInfo = Tabbartest;
		};
/* End PBXContainerItemProxy section */

/* Begin PBXFileReference section */
		A64C305F1A24FF740056EFB3 /* Tabbartest.app */ = {isa = PBXFileReference; explicitFileType = wrapper.application; includeInIndex = 0; path = Tabbartest.app; sourceTree = BUILT_PRODUCTS_DIR; };
		A64C30621A24FF740056EFB3 /* Foundation.framework */ = {isa = PBXFileReference; lastKnownFileType = wrapper.framework; name = Foundation.framework; path = System/Library/Frameworks/Foundation.framework; sourceTree = SDKROOT; };
		A64C30641A24FF740056EFB3 /* CoreGraphics.framework */ = {isa = PBXFileReference; lastKnownFileType = wrapper.framework; name = CoreGraphics.framework; path = System/Library/Frameworks/CoreGraphics.framework; sourceTree = SDKROOT; };
		A64C30661A24FF740056EFB3 /* UIKit.framework */ = {isa = PBXFileReference; lastKnownFileType = wrapper.framework; name = UIKit.framework; path = System/Library/Frameworks/UIKit.framework; sourceTree = SDKROOT; };
		A64C306A1A24FF740056EFB3 /* Tabbartest-Info.plist */ = {isa = PBXFileReference; lastKnownFileType = text.plist.xml; path = "Tabbartest-Info.plist"; sourceTree = "<group>"; };
		A64C306C1A24FF740056EFB3 /* en */ = {isa = PBXFileReference; lastKnownFileType = text.plist.strings; name = en; path = en.lproj/InfoPlist.strings; sourceTree = "<group>"; };
		A64C306E1A24FF740056EFB3 /* main.m */ = {isa = PBXFileReference; lastKnownFileType = sourcecode.c.objc; path = main.m; sourceTree = "<group>"; };
		A64C30701A24FF740056EFB3 /* Tabbartest-Prefix.pch */ = {isa = PBXFileReference; lastKnownFileType = sourcecode.c.h; path = "Tabbartest-Prefix.pch"; sourceTree = "<group>"; };
		A64C30711A24FF750056EFB3 /* FTAppDelegate.h */ = {isa = PBXFileReference; lastKnownFileType = sourcecode.c.h; path = FTAppDelegate.h; sourceTree = "<group>"; };
		A64C30721A24FF750056EFB3 /* FTAppDelegate.m */ = {isa = PBXFileReference; lastKnownFileType = sourcecode.c.objc; path = FTAppDelegate.m; sourceTree = "<group>"; };
		A64C30751A24FF750056EFB3 /* Base */ = {isa = PBXFileReference; lastKnownFileType = file.storyboard; name = Base; path = Base.lproj/Main_iPhone.storyboard; sourceTree = "<group>"; };
		A64C30781A24FF750056EFB3 /* Base */ = {isa = PBXFileReference; lastKnownFileType = file.storyboard; name = Base; path = Base.lproj/Main_iPad.storyboard; sourceTree = "<group>"; };
		A64C307A1A24FF750056EFB3 /* FTFirstViewController.h */ = {isa = PBXFileReference; lastKnownFileType = sourcecode.c.h; path = FTFirstViewController.h; sourceTree = "<group>"; };
		A64C307B1A24FF750056EFB3 /* FTFirstViewController.m */ = {isa = PBXFileReference; lastKnownFileType = sourcecode.c.objc; path = FTFirstViewController.m; sourceTree = "<group>"; };
		A64C307D1A24FF750056EFB3 /* FTSecondViewController.h */ = {isa = PBXFileReference; lastKnownFileType = sourcecode.c.h; path = FTSecondViewController.h; sourceTree = "<group>"; };
		A64C307E1A24FF750056EFB3 /* FTSecondViewController.m */ = {isa = PBXFileReference; lastKnownFileType = sourcecode.c.objc; path = FTSecondViewController.m; sourceTree = "<group>"; };
		A64C30801A24FF750056EFB3 /* Images.xcassets */ = {isa = PBXFileReference; lastKnownFileType = folder.assetcatalog; path = Images.xcassets; sourceTree = "<group>"; };
		A64C30861A24FF750056EFB3 /* TabbartestTests.xctest */ = {isa = PBXFileReference; explicitFileType = wrapper.cfbundle; includeInIndex = 0; path = TabbartestTests.xctest; sourceTree = BUILT_PRODUCTS_DIR; };
		A64C30871A24FF750056EFB3 /* XCTest.framework */ = {isa = PBXFileReference; lastKnownFileType = wrapper.framework; name = XCTest.framework; path = Library/Frameworks/XCTest.framework; sourceTree = DEVELOPER_DIR; };
		A64C308F1A24FF750056EFB3 /* TabbartestTests-Info.plist */ = {isa = PBXFileReference; lastKnownFileType = text.plist.xml; path = "TabbartestTests-Info.plist"; sourceTree = "<group>"; };
		A64C30911A24FF750056EFB3 /* en */ = {isa = PBXFileReference; lastKnownFileType = text.plist.strings; name = en; path = en.lproj/InfoPlist.strings; sourceTree = "<group>"; };
		A64C30931A24FF750056EFB3 /* TabbartestTests.m */ = {isa = PBXFileReference; lastKnownFileType = sourcecode.c.objc; path = TabbartestTests.m; sourceTree = "<group>"; };
		A64C309D1A2518E30056EFB3 /* Documents */ = {isa = PBXFileReference; lastKnownFileType = folder; name = Documents; path = ../..; sourceTree = "<group>"; };
		A64C30A01A251A480056EFB3 /* AFNetworking 20.02.26 */ = {isa = PBXFileReference; lastKnownFileType = folder; path = "AFNetworking 20.02.26"; sourceTree = "<group>"; };
		A64C30A21A251A580056EFB3 /* AFNetworking.26 */ = {isa = PBXFileReference; lastKnownFileType = folder; path = AFNetworking.26; sourceTree = "<group>"; };
		A64C30A31A251A580056EFB3 /* AFHTTPRequestOperation.h */ = {isa = PBXFileReference; fileEncoding = 4; lastKnownFileType = sourcecode.c.h; name = AFHTTPRequestOperation.h; path = "AFNetworking 20.02.26/AFHTTPRequestOperation.h"; sourceTree = "<group>"; };
		A64C30A41A251A580056EFB3 /* AFHTTPRequestOperation.m */ = {isa = PBXFileReference; fileEncoding = 4; lastKnownFileType = sourcecode.c.objc; name = AFHTTPRequestOperation.m; path = "AFNetworking 20.02.26/AFHTTPRequestOperation.m"; sourceTree = "<group>"; };
		A64C30A51A251A580056EFB3 /* AFHTTPRequestOperationManager.h */ = {isa = PBXFileReference; fileEncoding = 4; lastKnownFileType = sourcecode.c.h; name = AFHTTPRequestOperationManager.h; path = "AFNetworking 20.02.26/AFHTTPRequestOperationManager.h"; sourceTree = "<group>"; };
		A64C30A61A251A580056EFB3 /* AFHTTPRequestOperationManager.m */ = {isa = PBXFileReference; fileEncoding = 4; lastKnownFileType = sourcecode.c.objc; name = AFHTTPRequestOperationManager.m; path = "AFNetworking 20.02.26/AFHTTPRequestOperationManager.m"; sourceTree = "<group>"; };
		A64C30A71A251A580056EFB3 /* AFHTTPSessionManager.h */ = {isa = PBXFileReference; fileEncoding = 4; lastKnownFileType = sourcecode.c.h; name = AFHTTPSessionManager.h; path = "AFNetworking 20.02.26/AFHTTPSessionManager.h"; sourceTree = "<group>"; };
		A64C30A81A251A580056EFB3 /* AFHTTPSessionManager.m */ = {isa = PBXFileReference; fileEncoding = 4; lastKnownFileType = sourcecode.c.objc; name = AFHTTPSessionManager.m; path = "AFNetworking 20.02.26/AFHTTPSessionManager.m"; sourceTree = "<group>"; };
		A64C30A91A251A580056EFB3 /* AFNetworking.h */ = {isa = PBXFileReference; fileEncoding = 4; lastKnownFileType = sourcecode.c.h; name = AFNetworking.h; path = "AFNetworking 20.02.26/AFNetworking.h"; sourceTree = "<group>"; };
		A64C30AA1A251A580056EFB3 /* AFNetworkReachabilityManager.h */ = {isa = PBXFileReference; fileEncoding = 4; lastKnownFileType = sourcecode.c.h; name = AFNetworkReachabilityManager.h; path = "AFNetworking 20.02.26/AFNetworkReachabilityManager.h"; sourceTree = "<group>"; };
		A64C30AB1A251A580056EFB3 /* AFNetworkReachabilityManager.m */ = {isa = PBXFileReference; fileEncoding = 4; lastKnownFileType = sourcecode.c.objc; name = AFNetworkReachabilityManager.m; path = "AFNetworking 20.02.26/AFNetworkReachabilityManager.m"; sourceTree = "<group>"; };
		A64C30AC1A251A580056EFB3 /* AFSecurityPolicy.h */ = {isa = PBXFileReference; fileEncoding = 4; lastKnownFileType = sourcecode.c.h; name = AFSecurityPolicy.h; path = "AFNetworking 20.02.26/AFSecurityPolicy.h"; sourceTree = "<group>"; };
		A64C30AD1A251A580056EFB3 /* AFSecurityPolicy.m */ = {isa = PBXFileReference; fileEncoding = 4; lastKnownFileType = sourcecode.c.objc; name = AFSecurityPolicy.m; path = "AFNetworking 20.02.26/AFSecurityPolicy.m"; sourceTree = "<group>"; };
		A64C30AE1A251A580056EFB3 /* AFURLConnectionOperation.h */ = {isa = PBXFileReference; fileEncoding = 4; lastKnownFileType = sourcecode.c.h; name = AFURLConnectionOperation.h; path = "AFNetworking 20.02.26/AFURLConnectionOperation.h"; sourceTree = "<group>"; };
		A64C30AF1A251A580056EFB3 /* AFURLConnectionOperation.m */ = {isa = PBXFileReference; fileEncoding = 4; lastKnownFileType = sourcecode.c.objc; name = AFURLConnectionOperation.m; path = "AFNetworking 20.02.26/AFURLConnectionOperation.m"; sourceTree = "<group>"; };
		A64C30B01A251A580056EFB3 /* AFURLRequestSerialization.h */ = {isa = PBXFileReference; fileEncoding = 4; lastKnownFileType = sourcecode.c.h; name = AFURLRequestSerialization.h; path = "AFNetworking 20.02.26/AFURLRequestSerialization.h"; sourceTree = "<group>"; };
		A64C30B11A251A580056EFB3 /* AFURLRequestSerialization.m */ = {isa = PBXFileReference; fileEncoding = 4; lastKnownFileType = sourcecode.c.objc; name = AFURLRequestSerialization.m; path = "AFNetworking 20.02.26/AFURLRequestSerialization.m"; sourceTree = "<group>"; };
		A64C30B21A251A580056EFB3 /* AFURLResponseSerialization.h */ = {isa = PBXFileReference; fileEncoding = 4; lastKnownFileType = sourcecode.c.h; name = AFURLResponseSerialization.h; path = "AFNetworking 20.02.26/AFURLResponseSerialization.h"; sourceTree = "<group>"; };
		A64C30B31A251A580056EFB3 /* AFURLResponseSerialization.m */ = {isa = PBXFileReference; fileEncoding = 4; lastKnownFileType = sourcecode.c.objc; name = AFURLResponseSerialization.m; path = "AFNetworking 20.02.26/AFURLResponseSerialization.m"; sourceTree = "<group>"; };
		A64C30B41A251A580056EFB3 /* AFURLSessionManager.h */ = {isa = PBXFileReference; fileEncoding = 4; lastKnownFileType = sourcecode.c.h; name = AFURLSessionManager.h; path = "AFNetworking 20.02.26/AFURLSessionManager.h"; sourceTree = "<group>"; };
		A64C30B51A251A580056EFB3 /* AFURLSessionManager.m */ = {isa = PBXFileReference; fileEncoding = 4; lastKnownFileType = sourcecode.c.objc; name = AFURLSessionManager.m; path = "AFNetworking 20.02.26/AFURLSessionManager.m"; sourceTree = "<group>"; };
		A660B56B1A251CF300DF3A22 /* Tabbartest */ = {isa = PBXFileReference; lastKnownFileType = folder; path = Tabbartest; sourceTree = "<group>"; };
		A660B56D1A2528C500DF3A22 /* FTDataSource.h */ = {isa = PBXFileReference; lastKnownFileType = sourcecode.c.h; name = FTDataSource.h; path = Tabbartest/FTDataSource.h; sourceTree = "<group>"; };
		A660B56F1A2528F200DF3A22 /* FTDataSource.m */ = {isa = PBXFileReference; fileEncoding = 4; lastKnownFileType = sourcecode.c.objc; path = FTDataSource.m; sourceTree = "<group>"; };
/* End PBXFileReference section */

/* Begin PBXFrameworksBuildPhase section */
		A64C305C1A24FF740056EFB3 /* Frameworks */ = {
			isa = PBXFrameworksBuildPhase;
			buildActionMask = 2147483647;
			files = (
				A64C30651A24FF740056EFB3 /* CoreGraphics.framework in Frameworks */,
				A64C30671A24FF740056EFB3 /* UIKit.framework in Frameworks */,
				A64C30631A24FF740056EFB3 /* Foundation.framework in Frameworks */,
			);
			runOnlyForDeploymentPostprocessing = 0;
		};
		A64C30831A24FF750056EFB3 /* Frameworks */ = {
			isa = PBXFrameworksBuildPhase;
			buildActionMask = 2147483647;
			files = (
				A64C30881A24FF750056EFB3 /* XCTest.framework in Frameworks */,
				A64C308A1A24FF750056EFB3 /* UIKit.framework in Frameworks */,
				A64C30891A24FF750056EFB3 /* Foundation.framework in Frameworks */,
			);
			runOnlyForDeploymentPostprocessing = 0;
		};
/* End PBXFrameworksBuildPhase section */

/* Begin PBXGroup section */
		A64C30561A24FF740056EFB3 = {
			isa = PBXGroup;
			children = (
				A660B56D1A2528C500DF3A22 /* FTDataSource.h */,
				A660B56F1A2528F200DF3A22 /* FTDataSource.m */,
				A660B56B1A251CF300DF3A22 /* Tabbartest */,
				A64C30681A24FF740056EFB3 /* Tabbartest */,
				A64C308D1A24FF750056EFB3 /* TabbartestTests */,
				A64C30611A24FF740056EFB3 /* Frameworks */,
				A64C30601A24FF740056EFB3 /* Products */,
				A64C309D1A2518E30056EFB3 /* Documents */,
			);
			sourceTree = "<group>";
		};
		A64C30601A24FF740056EFB3 /* Products */ = {
			isa = PBXGroup;
			children = (
				A64C305F1A24FF740056EFB3 /* Tabbartest.app */,
				A64C30861A24FF750056EFB3 /* TabbartestTests.xctest */,
			);
			name = Products;
			sourceTree = "<group>";
		};
		A64C30611A24FF740056EFB3 /* Frameworks */ = {
			isa = PBXGroup;
			children = (
				A64C30621A24FF740056EFB3 /* Foundation.framework */,
				A64C30641A24FF740056EFB3 /* CoreGraphics.framework */,
				A64C30661A24FF740056EFB3 /* UIKit.framework */,
				A64C30871A24FF750056EFB3 /* XCTest.framework */,
			);
			name = Frameworks;
			sourceTree = "<group>";
		};
		A64C30681A24FF740056EFB3 /* Tabbartest */ = {
			isa = PBXGroup;
			children = (
				A64C30A21A251A580056EFB3 /* AFNetworking.26 */,
				A64C30A31A251A580056EFB3 /* AFHTTPRequestOperation.h */,
				A64C30A41A251A580056EFB3 /* AFHTTPRequestOperation.m */,
				A64C30A51A251A580056EFB3 /* AFHTTPRequestOperationManager.h */,
				A64C30A61A251A580056EFB3 /* AFHTTPRequestOperationManager.m */,
				A64C30A71A251A580056EFB3 /* AFHTTPSessionManager.h */,
				A64C30A81A251A580056EFB3 /* AFHTTPSessionManager.m */,
				A64C30A91A251A580056EFB3 /* AFNetworking.h */,
				A64C30AA1A251A580056EFB3 /* AFNetworkReachabilityManager.h */,
				A64C30AB1A251A580056EFB3 /* AFNetworkReachabilityManager.m */,
				A64C30AC1A251A580056EFB3 /* AFSecurityPolicy.h */,
				A64C30AD1A251A580056EFB3 /* AFSecurityPolicy.m */,
				A64C30AE1A251A580056EFB3 /* AFURLConnectionOperation.h */,
				A64C30AF1A251A580056EFB3 /* AFURLConnectionOperation.m */,
				A64C30B01A251A580056EFB3 /* AFURLRequestSerialization.h */,
				A64C30B11A251A580056EFB3 /* AFURLRequestSerialization.m */,
				A64C30B21A251A580056EFB3 /* AFURLResponseSerialization.h */,
				A64C30B31A251A580056EFB3 /* AFURLResponseSerialization.m */,
				A64C30B41A251A580056EFB3 /* AFURLSessionManager.h */,
				A64C30B51A251A580056EFB3 /* AFURLSessionManager.m */,
				A64C30A01A251A480056EFB3 /* AFNetworking 20.02.26 */,
				A64C30711A24FF750056EFB3 /* FTAppDelegate.h */,
				A64C30721A24FF750056EFB3 /* FTAppDelegate.m */,
				A64C30741A24FF750056EFB3 /* Main_iPhone.storyboard */,
				A64C30771A24FF750056EFB3 /* Main_iPad.storyboard */,
				A64C307A1A24FF750056EFB3 /* FTFirstViewController.h */,
				A64C307B1A24FF750056EFB3 /* FTFirstViewController.m */,
				A64C307D1A24FF750056EFB3 /* FTSecondViewController.h */,
				A64C307E1A24FF750056EFB3 /* FTSecondViewController.m */,
				A64C30801A24FF750056EFB3 /* Images.xcassets */,
				A64C30691A24FF740056EFB3 /* Supporting Files */,
			);
			path = Tabbartest;
			sourceTree = "<group>";
		};
		A64C30691A24FF740056EFB3 /* Supporting Files */ = {
			isa = PBXGroup;
			children = (
				A64C306A1A24FF740056EFB3 /* Tabbartest-Info.plist */,
				A64C306B1A24FF740056EFB3 /* InfoPlist.strings */,
				A64C306E1A24FF740056EFB3 /* main.m */,
				A64C30701A24FF740056EFB3 /* Tabbartest-Prefix.pch */,
			);
			name = "Supporting Files";
			sourceTree = "<group>";
		};
		A64C308D1A24FF750056EFB3 /* TabbartestTests */ = {
			isa = PBXGroup;
			children = (
				A64C30931A24FF750056EFB3 /* TabbartestTests.m */,
				A64C308E1A24FF750056EFB3 /* Supporting Files */,
			);
			path = TabbartestTests;
			sourceTree = "<group>";
		};
		A64C308E1A24FF750056EFB3 /* Supporting Files */ = {
			isa = PBXGroup;
			children = (
				A64C308F1A24FF750056EFB3 /* TabbartestTests-Info.plist */,
				A64C30901A24FF750056EFB3 /* InfoPlist.strings */,
			);
			name = "Supporting Files";
			sourceTree = "<group>";
		};
/* End PBXGroup section */

/* Begin PBXNativeTarget section */
		A64C305E1A24FF740056EFB3 /* Tabbartest */ = {
			isa = PBXNativeTarget;
			buildConfigurationList = A64C30971A24FF750056EFB3 /* Build configuration list for PBXNativeTarget "Tabbartest" */;
			buildPhases = (
				A64C305B1A24FF740056EFB3 /* Sources */,
				A64C305C1A24FF740056EFB3 /* Frameworks */,
				A64C305D1A24FF740056EFB3 /* Resources */,
			);
			buildRules = (
			);
			dependencies = (
			);
			name = Tabbartest;
			productName = Tabbartest;
			productReference = A64C305F1A24FF740056EFB3 /* Tabbartest.app */;
			productType = "com.apple.product-type.application";
		};
		A64C30851A24FF750056EFB3 /* TabbartestTests */ = {
			isa = PBXNativeTarget;
			buildConfigurationList = A64C309A1A24FF750056EFB3 /* Build configuration list for PBXNativeTarget "TabbartestTests" */;
			buildPhases = (
				A64C30821A24FF750056EFB3 /* Sources */,
				A64C30831A24FF750056EFB3 /* Frameworks */,
				A64C30841A24FF750056EFB3 /* Resources */,
			);
			buildRules = (
			);
			dependencies = (
				A64C308C1A24FF750056EFB3 /* PBXTargetDependency */,
			);
			name = TabbartestTests;
			productName = TabbartestTests;
			productReference = A64C30861A24FF750056EFB3 /* TabbartestTests.xctest */;
			productType = "com.apple.product-type.bundle.unit-test";
		};
/* End PBXNativeTarget section */

/* Begin PBXProject section */
		A64C30571A24FF740056EFB3 /* Project object */ = {
			isa = PBXProject;
			attributes = {
				CLASSPREFIX = FT;
				LastUpgradeCheck = 0510;
				ORGANIZATIONNAME = "___FULLUSERNAME___";
				TargetAttributes = {
					A64C30851A24FF750056EFB3 = {
						TestTargetID = A64C305E1A24FF740056EFB3;
					};
				};
			};
			buildConfigurationList = A64C305A1A24FF740056EFB3 /* Build configuration list for PBXProject "Tabbartest" */;
			compatibilityVersion = "Xcode 3.2";
			developmentRegion = English;
			hasScannedForEncodings = 0;
			knownRegions = (
				en,
				Base,
			);
			mainGroup = A64C30561A24FF740056EFB3;
			productRefGroup = A64C30601A24FF740056EFB3 /* Products */;
			projectDirPath = "";
			projectRoot = "";
			targets = (
				A64C305E1A24FF740056EFB3 /* Tabbartest */,
				A64C30851A24FF750056EFB3 /* TabbartestTests */,
			);
		};
/* End PBXProject section */

/* Begin PBXResourcesBuildPhase section */
		A64C305D1A24FF740056EFB3 /* Resources */ = {
			isa = PBXResourcesBuildPhase;
			buildActionMask = 2147483647;
			files = (
				A64C30791A24FF750056EFB3 /* Main_iPad.storyboard in Resources */,
				A64C30811A24FF750056EFB3 /* Images.xcassets in Resources */,
				A660B56C1A251CF300DF3A22 /* Tabbartest in Resources */,
				A64C30761A24FF750056EFB3 /* Main_iPhone.storyboard in Resources */,
				A64C30A11A251A480056EFB3 /* AFNetworking 20.02.26 in Resources */,
				A64C30B61A251A580056EFB3 /* AFNetworking.26 in Resources */,
				A64C306D1A24FF740056EFB3 /* InfoPlist.strings in Resources */,
			);
			runOnlyForDeploymentPostprocessing = 0;
		};
		A64C30841A24FF750056EFB3 /* Resources */ = {
			isa = PBXResourcesBuildPhase;
			buildActionMask = 2147483647;
			files = (
				A64C30921A24FF750056EFB3 /* InfoPlist.strings in Resources */,
			);
			runOnlyForDeploymentPostprocessing = 0;
		};
/* End PBXResourcesBuildPhase section */

/* Begin PBXSourcesBuildPhase section */
		A64C305B1A24FF740056EFB3 /* Sources */ = {
			isa = PBXSourcesBuildPhase;
			buildActionMask = 2147483647;
			files = (
				A64C307F1A24FF750056EFB3 /* FTSecondViewController.m in Sources */,
				A64C30BB1A251A580056EFB3 /* AFSecurityPolicy.m in Sources */,
				A64C307C1A24FF750056EFB3 /* FTFirstViewController.m in Sources */,
				A64C30B81A251A580056EFB3 /* AFHTTPRequestOperationManager.m in Sources */,
				A660B5701A2528F200DF3A22 /* FTDataSource.m in Sources */,
				A64C30BC1A251A580056EFB3 /* AFURLConnectionOperation.m in Sources */,
				A64C30B71A251A580056EFB3 /* AFHTTPRequestOperation.m in Sources */,
				A64C30731A24FF750056EFB3 /* FTAppDelegate.m in Sources */,
				A64C30BD1A251A580056EFB3 /* AFURLRequestSerialization.m in Sources */,
				A64C30B91A251A580056EFB3 /* AFHTTPSessionManager.m in Sources */,
				A64C30BA1A251A580056EFB3 /* AFNetworkReachabilityManager.m in Sources */,
				A64C30BE1A251A580056EFB3 /* AFURLResponseSerialization.m in Sources */,
				A64C30BF1A251A580056EFB3 /* AFURLSessionManager.m in Sources */,
				A64C306F1A24FF740056EFB3 /* main.m in Sources */,
			);
			runOnlyForDeploymentPostprocessing = 0;
		};
		A64C30821A24FF750056EFB3 /* Sources */ = {
			isa = PBXSourcesBuildPhase;
			buildActionMask = 2147483647;
			files = (
				A64C30941A24FF750056EFB3 /* TabbartestTests.m in Sources */,
			);
			runOnlyForDeploymentPostprocessing = 0;
		};
/* End PBXSourcesBuildPhase section */

/* Begin PBXTargetDependency section */
		A64C308C1A24FF750056EFB3 /* PBXTargetDependency */ = {
			isa = PBXTargetDependency;
			target = A64C305E1A24FF740056EFB3 /* Tabbartest */;
			targetProxy = A64C308B1A24FF750056EFB3 /* PBXContainerItemProxy */;
		};
/* End PBXTargetDependency section */

/* Begin PBXVariantGroup section */
		A64C306B1A24FF740056EFB3 /* InfoPlist.strings */ = {
			isa = PBXVariantGroup;
			children = (
				A64C306C1A24FF740056EFB3 /* en */,
			);
			name = InfoPlist.strings;
			sourceTree = "<group>";
		};
		A64C30741A24FF750056EFB3 /* Main_iPhone.storyboard */ = {
			isa = PBXVariantGroup;
			children = (
				A64C30751A24FF750056EFB3 /* Base */,
			);
			name = Main_iPhone.storyboard;
			sourceTree = "<group>";
		};
		A64C30771A24FF750056EFB3 /* Main_iPad.storyboard */ = {
			isa = PBXVariantGroup;
			children = (
				A64C30781A24FF750056EFB3 /* Base */,
			);
			name = Main_iPad.storyboard;
			sourceTree = "<group>";
		};
		A64C30901A24FF750056EFB3 /* InfoPlist.strings */ = {
			isa = PBXVariantGroup;
			children = (
				A64C30911A24FF750056EFB3 /* en */,
			);
			name = InfoPlist.strings;
			sourceTree = "<group>";
		};
/* End PBXVariantGroup section */

/* Begin XCBuildConfiguration section */
		A64C30951A24FF750056EFB3 /* Debug */ = {
			isa = XCBuildConfiguration;
			buildSettings = {
				ALWAYS_SEARCH_USER_PATHS = NO;
				CLANG_CXX_LANGUAGE_STANDARD = "gnu++0x";
				CLANG_CXX_LIBRARY = "libc++";
				CLANG_ENABLE_MODULES = YES;
				CLANG_ENABLE_OBJC_ARC = YES;
				CLANG_WARN_BOOL_CONVERSION = YES;
				CLANG_WARN_CONSTANT_CONVERSION = YES;
				CLANG_WARN_DIRECT_OBJC_ISA_USAGE = YES_ERROR;
				CLANG_WARN_EMPTY_BODY = YES;
				CLANG_WARN_ENUM_CONVERSION = YES;
				CLANG_WARN_INT_CONVERSION = YES;
				CLANG_WARN_OBJC_ROOT_CLASS = YES_ERROR;
				CLANG_WARN__DUPLICATE_METHOD_MATCH = YES;
				"CODE_SIGN_IDENTITY[sdk=iphoneos*]" = "iPhone Developer";
				COPY_PHASE_STRIP = NO;
				GCC_C_LANGUAGE_STANDARD = gnu99;
				GCC_DYNAMIC_NO_PIC = NO;
				GCC_OPTIMIZATION_LEVEL = 0;
				GCC_PREPROCESSOR_DEFINITIONS = (
					"DEBUG=1",
					"$(inherited)",
				);
				GCC_SYMBOLS_PRIVATE_EXTERN = NO;
				GCC_WARN_64_TO_32_BIT_CONVERSION = YES;
				GCC_WARN_ABOUT_RETURN_TYPE = YES_ERROR;
				GCC_WARN_UNDECLARED_SELECTOR = YES;
				GCC_WARN_UNINITIALIZED_AUTOS = YES_AGGRESSIVE;
				GCC_WARN_UNUSED_FUNCTION = YES;
				GCC_WARN_UNUSED_VARIABLE = YES;
				IPHONEOS_DEPLOYMENT_TARGET = 7.1;
				ONLY_ACTIVE_ARCH = YES;
				SDKROOT = iphoneos;
				TARGETED_DEVICE_FAMILY = "1,2";
			};
			name = Debug;
		};
		A64C30961A24FF750056EFB3 /* Release */ = {
			isa = XCBuildConfiguration;
			buildSettings = {
				ALWAYS_SEARCH_USER_PATHS = NO;
				CLANG_CXX_LANGUAGE_STANDARD = "gnu++0x";
				CLANG_CXX_LIBRARY = "libc++";
				CLANG_ENABLE_MODULES = YES;
				CLANG_ENABLE_OBJC_ARC = YES;
				CLANG_WARN_BOOL_CONVERSION = YES;
				CLANG_WARN_CONSTANT_CONVERSION = YES;
				CLANG_WARN_DIRECT_OBJC_ISA_USAGE = YES_ERROR;
				CLANG_WARN_EMPTY_BODY = YES;
				CLANG_WARN_ENUM_CONVERSION = YES;
				CLANG_WARN_INT_CONVERSION = YES;
				CLANG_WARN_OBJC_ROOT_CLASS = YES_ERROR;
				CLANG_WARN__DUPLICATE_METHOD_MATCH = YES;
				"CODE_SIGN_IDENTITY[sdk=iphoneos*]" = "iPhone Developer";
				COPY_PHASE_STRIP = YES;
				ENABLE_NS_ASSERTIONS = NO;
				GCC_C_LANGUAGE_STANDARD = gnu99;
				GCC_WARN_64_TO_32_BIT_CONVERSION = YES;
				GCC_WARN_ABOUT_RETURN_TYPE = YES_ERROR;
				GCC_WARN_UNDECLARED_SELECTOR = YES;
				GCC_WARN_UNINITIALIZED_AUTOS = YES_AGGRESSIVE;
				GCC_WARN_UNUSED_FUNCTION = YES;
				GCC_WARN_UNUSED_VARIABLE = YES;
				IPHONEOS_DEPLOYMENT_TARGET = 7.1;
				SDKROOT = iphoneos;
				TARGETED_DEVICE_FAMILY = "1,2";
				VALIDATE_PRODUCT = YES;
			};
			name = Release;
		};
		A64C30981A24FF750056EFB3 /* Debug */ = {
			isa = XCBuildConfiguration;
			buildSettings = {
				ASSETCATALOG_COMPILER_APPICON_NAME = AppIcon;
				ASSETCATALOG_COMPILER_LAUNCHIMAGE_NAME = LaunchImage;
				GCC_PRECOMPILE_PREFIX_HEADER = YES;
				GCC_PREFIX_HEADER = "Tabbartest/Tabbartest-Prefix.pch";
				INFOPLIST_FILE = "Tabbartest/Tabbartest-Info.plist";
				PRODUCT_NAME = "$(TARGET_NAME)";
				WRAPPER_EXTENSION = app;
			};
			name = Debug;
		};
		A64C30991A24FF750056EFB3 /* Release */ = {
			isa = XCBuildConfiguration;
			buildSettings = {
				ASSETCATALOG_COMPILER_APPICON_NAME = AppIcon;
				ASSETCATALOG_COMPILER_LAUNCHIMAGE_NAME = LaunchImage;
				GCC_PRECOMPILE_PREFIX_HEADER = YES;
				GCC_PREFIX_HEADER = "Tabbartest/Tabbartest-Prefix.pch";
				INFOPLIST_FILE = "Tabbartest/Tabbartest-Info.plist";
				PRODUCT_NAME = "$(TARGET_NAME)";
				WRAPPER_EXTENSION = app;
			};
			name = Release;
		};
		A64C309B1A24FF750056EFB3 /* Debug */ = {
			isa = XCBuildConfiguration;
			buildSettings = {
				BUNDLE_LOADER = "$(BUILT_PRODUCTS_DIR)/Tabbartest.app/Tabbartest";
				FRAMEWORK_SEARCH_PATHS = (
					"$(SDKROOT)/Developer/Library/Frameworks",
					"$(inherited)",
					"$(DEVELOPER_FRAMEWORKS_DIR)",
				);
				GCC_PRECOMPILE_PREFIX_HEADER = YES;
				GCC_PREFIX_HEADER = "Tabbartest/Tabbartest-Prefix.pch";
				GCC_PREPROCESSOR_DEFINITIONS = (
					"DEBUG=1",
					"$(inherited)",
				);
				INFOPLIST_FILE = "TabbartestTests/TabbartestTests-Info.plist";
				PRODUCT_NAME = "$(TARGET_NAME)";
				TEST_HOST = "$(BUNDLE_LOADER)";
				WRAPPER_EXTENSION = xctest;
			};
			name = Debug;
		};
		A64C309C1A24FF750056EFB3 /* Release */ = {
			isa = XCBuildConfiguration;
			buildSettings = {
				BUNDLE_LOADER = "$(BUILT_PRODUCTS_DIR)/Tabbartest.app/Tabbartest";
				FRAMEWORK_SEARCH_PATHS = (
					"$(SDKROOT)/Developer/Library/Frameworks",
					"$(inherited)",
					"$(DEVELOPER_FRAMEWORKS_DIR)",
				);
				GCC_PRECOMPILE_PREFIX_HEADER = YES;
				GCC_PREFIX_HEADER = "Tabbartest/Tabbartest-Prefix.pch";
				INFOPLIST_FILE = "TabbartestTests/TabbartestTests-Info.plist";
				PRODUCT_NAME = "$(TARGET_NAME)";
				TEST_HOST = "$(BUNDLE_LOADER)";
				WRAPPER_EXTENSION = xctest;
			};
			name = Release;
		};
/* End XCBuildConfiguration section */

/* Begin XCConfigurationList section */
		A64C305A1A24FF740056EFB3 /* Build configuration list for PBXProject "Tabbartest" */ = {
			isa = XCConfigurationList;
			buildConfigurations = (
				A64C30951A24FF750056EFB3 /* Debug */,
				A64C30961A24FF750056EFB3 /* Release */,
			);
			defaultConfigurationIsVisible = 0;
			defaultConfigurationName = Release;
		};
		A64C30971A24FF750056EFB3 /* Build configuration list for PBXNativeTarget "Tabbartest" */ = {
			isa = XCConfigurationList;
			buildConfigurations = (
				A64C30981A24FF750056EFB3 /* Debug */,
				A64C30991A24FF750056EFB3 /* Release */,
			);
			defaultConfigurationIsVisible = 0;
			defaultConfigurationName = Release;
		};
		A64C309A1A24FF750056EFB3 /* Build configuration list for PBXNativeTarget "TabbartestTests" */ = {
			isa = XCConfigurationList;
			buildConfigurations = (
				A64C309B1A24FF750056EFB3 /* Debug */,
				A64C309C1A24FF750056EFB3 /* Release */,
			);
			defaultConfigurationIsVisible = 0;
			defaultConfigurationName = Release;
		};
/* End XCConfigurationList section */
	};
	rootObject = A64C30571A24FF740056EFB3 /* Project object */;
}
